
Microsoft Visual Studio Solution File, Format Version 12.00
# Visual Studio Version 17
VisualStudioVersion = 17.4.33213.308
MinimumVisualStudioVersion = 10.0.40219.1
Project("{FAE04EC0-301F-11D3-BF4B-00C04F79EFBC}") = "TamosDavalebaTera", "TamosDavalebaTera\TamosDavalebaTera.csproj", "{77A2C068-26EB-413B-B40F-E5F0CEEC0E28}"
EndProject
Global
	GlobalSection(SolutionConfigurationPlatforms) = preSolution
		Debug|Any CPU = Debug|Any CPU
		Release|Any CPU = Release|Any CPU
	EndGlobalSection
	GlobalSection(ProjectConfigurationPlatforms) = postSolution
		{77A2C068-26EB-413B-B40F-E5F0CEEC0E28}.Debug|Any CPU.ActiveCfg = Debug|Any CPU
		{77A2C068-26EB-413B-B40F-E5F0CEEC0E28}.Debug|Any CPU.Build.0 = Debug|Any CPU
		{77A2C068-26EB-413B-B40F-E5F0CEEC0E28}.Release|Any CPU.ActiveCfg = Release|Any CPU
		{77A2C068-26EB-413B-B40F-E5F0CEEC0E28}.Release|Any CPU.Build.0 = Release|Any CPU
	EndGlobalSection
	GlobalSection(SolutionProperties) = preSolution
		HideSolutionNode = FALSE
	EndGlobalSection
	GlobalSection(ExtensibilityGlobals) = postSolution
		SolutionGuid = {59CDA718-4C55-4191-91EE-F1B8EFEBD58C}
	EndGlobalSection
EndGlobal
